// !$*UTF8*$!
{
	archiveVersion = 1;
	classes = {
	};
	objectVersion = 56;
	objects = {

/* Begin PBXBuildFile section */
		632306BB2AD2EC62002AF0DA /* JP_Apex_PredatorsApp.swift in Sources */ = {isa = PBXBuildFile; fileRef = 632306BA2AD2EC62002AF0DA /* JP_Apex_PredatorsApp.swift */; };
		632306BD2AD2EC62002AF0DA /* MainView.swift in Sources */ = {isa = PBXBuildFile; fileRef = 632306BC2AD2EC62002AF0DA /* MainView.swift */; };
		632306BF2AD2EC64002AF0DA /* Assets.xcassets in Resources */ = {isa = PBXBuildFile; fileRef = 632306BE2AD2EC64002AF0DA /* Assets.xcassets */; };
		632306C22AD2EC64002AF0DA /* Preview Assets.xcassets in Resources */ = {isa = PBXBuildFile; fileRef = 632306C12AD2EC64002AF0DA /* Preview Assets.xcassets */; };
		632306C92AD2ED43002AF0DA /* jpapexpredators.json in Resources */ = {isa = PBXBuildFile; fileRef = 632306C82AD2ED43002AF0DA /* jpapexpredators.json */; };
		632306CB2AD2EDDD002AF0DA /* ApexPredator.swift in Sources */ = {isa = PBXBuildFile; fileRef = 632306CA2AD2EDDD002AF0DA /* ApexPredator.swift */; };
		632306CD2AD2EF4B002AF0DA /* PredatorController.swift in Sources */ = {isa = PBXBuildFile; fileRef = 632306CC2AD2EF4B002AF0DA /* PredatorController.swift */; };
		632306CF2AD30E33002AF0DA /* PredatorRow.swift in Sources */ = {isa = PBXBuildFile; fileRef = 632306CE2AD30E33002AF0DA /* PredatorRow.swift */; };
		632306D12AD31759002AF0DA /* PredatorDetail.swift in Sources */ = {isa = PBXBuildFile; fileRef = 632306D02AD31759002AF0DA /* PredatorDetail.swift */; };
/* End PBXBuildFile section */

/* Begin PBXFileReference section */
		632306B72AD2EC62002AF0DA /* JP Apex Predators.app */ = {isa = PBXFileReference; explicitFileType = wrapper.application; includeInIndex = 0; path = "JP Apex Predators.app"; sourceTree = BUILT_PRODUCTS_DIR; };
		632306BA2AD2EC62002AF0DA /* JP_Apex_PredatorsApp.swift */ = {isa = PBXFileReference; lastKnownFileType = sourcecode.swift; path = JP_Apex_PredatorsApp.swift; sourceTree = "<group>"; };
		632306BC2AD2EC62002AF0DA /* MainView.swift */ = {isa = PBXFileReference; lastKnownFileType = sourcecode.swift; path = MainView.swift; sourceTree = "<group>"; };
		632306BE2AD2EC64002AF0DA /* Assets.xcassets */ = {isa = PBXFileReference; lastKnownFileType = folder.assetcatalog; path = Assets.xcassets; sourceTree = "<group>"; };
		632306C12AD2EC64002AF0DA /* Preview Assets.xcassets */ = {isa = PBXFileReference; lastKnownFileType = folder.assetcatalog; path = "Preview Assets.xcassets"; sourceTree = "<group>"; };
		632306C82AD2ED43002AF0DA /* jpapexpredators.json */ = {isa = PBXFileReference; fileEncoding = 4; lastKnownFileType = text.json; path = jpapexpredators.json; sourceTree = "<group>"; };
		632306CA2AD2EDDD002AF0DA /* ApexPredator.swift */ = {isa = PBXFileReference; lastKnownFileType = sourcecode.swift; path = ApexPredator.swift; sourceTree = "<group>"; };
		632306CC2AD2EF4B002AF0DA /* PredatorController.swift */ = {isa = PBXFileReference; lastKnownFileType = sourcecode.swift; path = PredatorController.swift; sourceTree = "<group>"; };
		632306CE2AD30E33002AF0DA /* PredatorRow.swift */ = {isa = PBXFileReference; lastKnownFileType = sourcecode.swift; path = PredatorRow.swift; sourceTree = "<group>"; };
		632306D02AD31759002AF0DA /* PredatorDetail.swift */ = {isa = PBXFileReference; lastKnownFileType = sourcecode.swift; path = PredatorDetail.swift; sourceTree = "<group>"; };
/* End PBXFileReference section */

/* Begin PBXFrameworksBuildPhase section */
		632306B42AD2EC62002AF0DA /* Frameworks */ = {
			isa = PBXFrameworksBuildPhase;
			buildActionMask = 2147483647;
			files = (
			);
			runOnlyForDeploymentPostprocessing = 0;
		};
/* End PBXFrameworksBuildPhase section */

/* Begin PBXGroup section */
		632306AE2AD2EC62002AF0DA = {
			isa = PBXGroup;
			children = (
				632306B92AD2EC62002AF0DA /* JP Apex Predators */,
				632306B82AD2EC62002AF0DA /* Products */,
			);
			sourceTree = "<group>";
		};
		632306B82AD2EC62002AF0DA /* Products */ = {
			isa = PBXGroup;
			children = (
				632306B72AD2EC62002AF0DA /* JP Apex Predators.app */,
			);
			name = Products;
			sourceTree = "<group>";
		};
		632306B92AD2EC62002AF0DA /* JP Apex Predators */ = {
			isa = PBXGroup;
			children = (
				632306BA2AD2EC62002AF0DA /* JP_Apex_PredatorsApp.swift */,
				632306BC2AD2EC62002AF0DA /* MainView.swift */,
				632306C82AD2ED43002AF0DA /* jpapexpredators.json */,
				632306CA2AD2EDDD002AF0DA /* ApexPredator.swift */,
				632306CC2AD2EF4B002AF0DA /* PredatorController.swift */,
				632306CE2AD30E33002AF0DA /* PredatorRow.swift */,
				632306D02AD31759002AF0DA /* PredatorDetail.swift */,
				632306BE2AD2EC64002AF0DA /* Assets.xcassets */,
				632306C02AD2EC64002AF0DA /* Preview Content */,
			);
			path = "JP Apex Predators";
			sourceTree = "<group>";
		};
		632306C02AD2EC64002AF0DA /* Preview Content */ = {
			isa = PBXGroup;
			children = (
				632306C12AD2EC64002AF0DA /* Preview Assets.xcassets */,
			);
			path = "Preview Content";
			sourceTree = "<group>";
		};
/* End PBXGroup section */

/* Begin PBXNativeTarget section */
		632306B62AD2EC62002AF0DA /* JP Apex Predators */ = {
			isa = PBXNativeTarget;
			buildConfigurationList = 632306C52AD2EC64002AF0DA /* Build configuration list for PBXNativeTarget "JP Apex Predators" */;
			buildPhases = (
				632306B32AD2EC62002AF0DA /* Sources */,
				632306B42AD2EC62002AF0DA /* Frameworks */,
				632306B52AD2EC62002AF0DA /* Resources */,
			);
			buildRules = (
			);
			dependencies = (
			);
			name = "JP Apex Predators";
			productName = "JP Apex Predators";
			productReference = 632306B72AD2EC62002AF0DA /* JP Apex Predators.app */;
			productType = "com.apple.product-type.application";
		};
/* End PBXNativeTarget section */

/* Begin PBXProject section */
		632306AF2AD2EC62002AF0DA /* Project object */ = {
			isa = PBXProject;
			attributes = {
				BuildIndependentTargetsInParallel = 1;
				LastSwiftUpdateCheck = 1500;
				LastUpgradeCheck = 1500;
				TargetAttributes = {
					632306B62AD2EC62002AF0DA = {
						CreatedOnToolsVersion = 15.0;
					};
				};
			};
			buildConfigurationList = 632306B22AD2EC62002AF0DA /* Build configuration list for PBXProject "JP Apex Predators" */;
			compatibilityVersion = "Xcode 14.0";
			developmentRegion = en;
			hasScannedForEncodings = 0;
			knownRegions = (
				en,
				Base,
			);
			mainGroup = 632306AE2AD2EC62002AF0DA;
			productRefGroup = 632306B82AD2EC62002AF0DA /* Products */;
			projectDirPath = "";
			projectRoot = "";
			targets = (
				632306B62AD2EC62002AF0DA /* JP Apex Predators */,
			);
		};
/* End PBXProject section */

/* Begin PBXResourcesBuildPhase section */
		632306B52AD2EC62002AF0DA /* Resources */ = {
			isa = PBXResourcesBuildPhase;
			buildActionMask = 2147483647;
			files = (
				632306C22AD2EC64002AF0DA /* Preview Assets.xcassets in Resources */,
				632306BF2AD2EC64002AF0DA /* Assets.xcassets in Resources */,
				632306C92AD2ED43002AF0DA /* jpapexpredators.json in Resources */,
			);
			runOnlyForDeploymentPostprocessing = 0;
		};
/* End PBXResourcesBuildPhase section */

/* Begin PBXSourcesBuildPhase section */
		632306B32AD2EC62002AF0DA /* Sources */ = {
			isa = PBXSourcesBuildPhase;
			buildActionMask = 2147483647;
			files = (
				632306CD2AD2EF4B002AF0DA /* PredatorController.swift in Sources */,
				632306CB2AD2EDDD002AF0DA /* ApexPredator.swift in Sources */,
				632306BD2AD2EC62002AF0DA /* MainView.swift in Sources */,
				632306D12AD31759002AF0DA /* PredatorDetail.swift in Sources */,
				632306BB2AD2EC62002AF0DA /* JP_Apex_PredatorsApp.swift in Sources */,
				632306CF2AD30E33002AF0DA /* PredatorRow.swift in Sources */,
			);
			runOnlyForDeploymentPostprocessing = 0;
		};
/* End PBXSourcesBuildPhase section */

/* Begin XCBuildConfiguration section */
		632306C32AD2EC64002AF0DA /* Debug */ = {
			isa = XCBuildConfiguration;
			buildSettings = {
				ALWAYS_SEARCH_USER_PATHS = NO;
				ASSETCATALOG_COMPILER_GENERATE_SWIFT_ASSET_SYMBOL_EXTENSIONS = YES;
				CLANG_ANALYZER_NONNULL = YES;
				CLANG_ANALYZER_NUMBER_OBJECT_CONVERSION = YES_AGGRESSIVE;
				CLANG_CXX_LANGUAGE_STANDARD = "gnu++20";
				CLANG_ENABLE_MODULES = YES;
				CLANG_ENABLE_OBJC_ARC = YES;
				CLANG_ENABLE_OBJC_WEAK = YES;
				CLANG_WARN_BLOCK_CAPTURE_AUTORELEASING = YES;
				CLANG_WARN_BOOL_CONVERSION = YES;
				CLANG_WARN_COMMA = YES;
				CLANG_WARN_CONSTANT_CONVERSION = YES;
				CLANG_WARN_DEPRECATED_OBJC_IMPLEMENTATIONS = YES;
				CLANG_WARN_DIRECT_OBJC_ISA_USAGE = YES_ERROR;
				CLANG_WARN_DOCUMENTATION_COMMENTS = YES;
				CLANG_WARN_EMPTY_BODY = YES;
				CLANG_WARN_ENUM_CONVERSION = YES;
				CLANG_WARN_INFINITE_RECURSION = YES;
				CLANG_WARN_INT_CONVERSION = YES;
				CLANG_WARN_NON_LITERAL_NULL_CONVERSION = YES;
				CLANG_WARN_OBJC_IMPLICIT_RETAIN_SELF = YES;
				CLANG_WARN_OBJC_LITERAL_CONVERSION = YES;
				CLANG_WARN_OBJC_ROOT_CLASS = YES_ERROR;
				CLANG_WARN_QUOTED_INCLUDE_IN_FRAMEWORK_HEADER = YES;
				CLANG_WARN_RANGE_LOOP_ANALYSIS = YES;
				CLANG_WARN_STRICT_PROTOTYPES = YES;
				CLANG_WARN_SUSPICIOUS_MOVE = YES;
				CLANG_WARN_UNGUARDED_AVAILABILITY = YES_AGGRESSIVE;
				CLANG_WARN_UNREACHABLE_CODE = YES;
				CLANG_WARN__DUPLICATE_METHOD_MATCH = YES;
				COPY_PHASE_STRIP = NO;
				DEBUG_INFORMATION_FORMAT = dwarf;
				ENABLE_STRICT_OBJC_MSGSEND = YES;
				ENABLE_TESTABILITY = YES;
				ENABLE_USER_SCRIPT_SANDBOXING = YES;
				GCC_C_LANGUAGE_STANDARD = gnu17;
				GCC_DYNAMIC_NO_PIC = NO;
				GCC_NO_COMMON_BLOCKS = YES;
				GCC_OPTIMIZATION_LEVEL = 0;
				GCC_PREPROCESSOR_DEFINITIONS = (
					"DEBUG=1",
					"$(inherited)",
				);
				GCC_WARN_64_TO_32_BIT_CONVERSION = YES;
				GCC_WARN_ABOUT_RETURN_TYPE = YES_ERROR;
				GCC_WARN_UNDECLARED_SELECTOR = YES;
				GCC_WARN_UNINITIALIZED_AUTOS = YES_AGGRESSIVE;
				GCC_WARN_UNUSED_FUNCTION = YES;
				GCC_WARN_UNUSED_VARIABLE = YES;
				IPHONEOS_DEPLOYMENT_TARGET = 17.0;
				LOCALIZATION_PREFERS_STRING_CATALOGS = YES;
				MTL_ENABLE_DEBUG_INFO = INCLUDE_SOURCE;
				MTL_FAST_MATH = YES;
				ONLY_ACTIVE_ARCH = YES;
				SDKROOT = iphoneos;
				SWIFT_ACTIVE_COMPILATION_CONDITIONS = "DEBUG $(inherited)";
				SWIFT_OPTIMIZATION_LEVEL = "-Onone";
			};
			name = Debug;
		};
		632306C42AD2EC64002AF0DA /* Release */ = {
			isa = XCBuildConfiguration;
			buildSettings = {
				ALWAYS_SEARCH_USER_PATHS = NO;
				ASSETCATALOG_COMPILER_GENERATE_SWIFT_ASSET_SYMBOL_EXTENSIONS = YES;
				CLANG_ANALYZER_NONNULL = YES;
				CLANG_ANALYZER_NUMBER_OBJECT_CONVERSION = YES_AGGRESSIVE;
				CLANG_CXX_LANGUAGE_STANDARD = "gnu++20";
				CLANG_ENABLE_MODULES = YES;
				CLANG_ENABLE_OBJC_ARC = YES;
				CLANG_ENABLE_OBJC_WEAK = YES;
				CLANG_WARN_BLOCK_CAPTURE_AUTORELEASING = YES;
				CLANG_WARN_BOOL_CONVERSION = YES;
				CLANG_WARN_COMMA = YES;
				CLANG_WARN_CONSTANT_CONVERSION = YES;
				CLANG_WARN_DEPRECATED_OBJC_IMPLEMENTATIONS = YES;
				CLANG_WARN_DIRECT_OBJC_ISA_USAGE = YES_ERROR;
				CLANG_WARN_DOCUMENTATION_COMMENTS = YES;
				CLANG_WARN_EMPTY_BODY = YES;
				CLANG_WARN_ENUM_CONVERSION = YES;
				CLANG_WARN_INFINITE_RECURSION = YES;
				CLANG_WARN_INT_CONVERSION = YES;
				CLANG_WARN_NON_LITERAL_NULL_CONVERSION = YES;
				CLANG_WARN_OBJC_IMPLICIT_RETAIN_SELF = YES;
				CLANG_WARN_OBJC_LITERAL_CONVERSION = YES;
				CLANG_WARN_OBJC_ROOT_CLASS = YES_ERROR;
				CLANG_WARN_QUOTED_INCLUDE_IN_FRAMEWORK_HEADER = YES;
				CLANG_WARN_RANGE_LOOP_ANALYSIS = YES;
				CLANG_WARN_STRICT_PROTOTYPES = YES;
				CLANG_WARN_SUSPICIOUS_MOVE = YES;
				CLANG_WARN_UNGUARDED_AVAILABILITY = YES_AGGRESSIVE;
				CLANG_WARN_UNREACHABLE_CODE = YES;
				CLANG_WARN__DUPLICATE_METHOD_MATCH = YES;
				COPY_PHASE_STRIP = NO;
				DEBUG_INFORMATION_FORMAT = "dwarf-with-dsym";
				ENABLE_NS_ASSERTIONS = NO;
				ENABLE_STRICT_OBJC_MSGSEND = YES;
				ENABLE_USER_SCRIPT_SANDBOXING = YES;
				GCC_C_LANGUAGE_STANDARD = gnu17;
				GCC_NO_COMMON_BLOCKS = YES;
				GCC_WARN_64_TO_32_BIT_CONVERSION = YES;
				GCC_WARN_ABOUT_RETURN_TYPE = YES_ERROR;
				GCC_WARN_UNDECLARED_SELECTOR = YES;
				GCC_WARN_UNINITIALIZED_AUTOS = YES_AGGRESSIVE;
				GCC_WARN_UNUSED_FUNCTION = YES;
				GCC_WARN_UNUSED_VARIABLE = YES;
				IPHONEOS_DEPLOYMENT_TARGET = 17.0;
				LOCALIZATION_PREFERS_STRING_CATALOGS = YES;
				MTL_ENABLE_DEBUG_INFO = NO;
				MTL_FAST_MATH = YES;
				SDKROOT = iphoneos;
				SWIFT_COMPILATION_MODE = wholemodule;
				VALIDATE_PRODUCT = YES;
			};
			name = Release;
		};
		632306C62AD2EC64002AF0DA /* Debug */ = {
			isa = XCBuildConfiguration;
			buildSettings = {
				ASSETCATALOG_COMPILER_APPICON_NAME = AppIcon;
				ASSETCATALOG_COMPILER_GLOBAL_ACCENT_COLOR_NAME = AccentColor;
				CODE_SIGN_STYLE = Automatic;
				CURRENT_PROJECT_VERSION = 1;
				DEVELOPMENT_ASSET_PATHS = "\"JP Apex Predators/Preview Content\"";
				DEVELOPMENT_TEAM = 3DPR2MT2JK;
				ENABLE_PREVIEWS = YES;
				GENERATE_INFOPLIST_FILE = YES;
				INFOPLIST_KEY_CFBundleDisplayName = "JP Predators";
				INFOPLIST_KEY_UIApplicationSceneManifest_Generation = YES;
				INFOPLIST_KEY_UIApplicationSupportsIndirectInputEvents = YES;
				INFOPLIST_KEY_UILaunchScreen_Generation = YES;
				INFOPLIST_KEY_UISupportedInterfaceOrientations_iPad = "UIInterfaceOrientationPortrait UIInterfaceOrientationPortraitUpsideDown UIInterfaceOrientationLandscapeLeft UIInterfaceOrientationLandscapeRight";
				INFOPLIST_KEY_UISupportedInterfaceOrientations_iPhone = "UIInterfaceOrientationPortrait UIInterfaceOrientationLandscapeLeft UIInterfaceOrientationLandscapeRight";
				LD_RUNPATH_SEARCH_PATHS = (
					"$(inherited)",
					"@executable_path/Frameworks",
				);
				MARKETING_VERSION = 1.0;
				PRODUCT_BUNDLE_IDENTIFIER = "com.laczkovitsdavid.JP-Apex-Predators";
				PRODUCT_NAME = "$(TARGET_NAME)";
				SWIFT_EMIT_LOC_STRINGS = YES;
				SWIFT_VERSION = 5.0;
				TARGETED_DEVICE_FAMILY = "1,2";
			};
			name = Debug;
		};
		632306C72AD2EC64002AF0DA /* Release */ = {
			isa = XCBuildConfiguration;
			buildSettings = {
				ASSETCATALOG_COMPILER_APPICON_NAME = AppIcon;
				ASSETCATALOG_COMPILER_GLOBAL_ACCENT_COLOR_NAME = AccentColor;
				CODE_SIGN_STYLE = Automatic;
				CURRENT_PROJECT_VERSION = 1;
				DEVELOPMENT_ASSET_PATHS = "\"JP Apex Predators/Preview Content\"";
				DEVELOPMENT_TEAM = 3DPR2MT2JK;
				ENABLE_PREVIEWS = YES;
				GENERATE_INFOPLIST_FILE = YES;
				INFOPLIST_KEY_CFBundleDisplayName = "JP Predators";
				INFOPLIST_KEY_UIApplicationSceneManifest_Generation = YES;
				INFOPLIST_KEY_UIApplicationSupportsIndirectInputEvents = YES;
				INFOPLIST_KEY_UILaunchScreen_Generation = YES;
				INFOPLIST_KEY_UISupportedInterfaceOrientations_iPad = "UIInterfaceOrientationPortrait UIInterfaceOrientationPortraitUpsideDown UIInterfaceOrientationLandscapeLeft UIInterfaceOrientationLandscapeRight";
				INFOPLIST_KEY_UISupportedInterfaceOrientations_iPhone = "UIInterfaceOrientationPortrait UIInterfaceOrientationLandscapeLeft UIInterfaceOrientationLandscapeRight";
				LD_RUNPATH_SEARCH_PATHS = (
					"$(inherited)",
					"@executable_path/Frameworks",
				);
				MARKETING_VERSION = 1.0;
				PRODUCT_BUNDLE_IDENTIFIER = "com.laczkovitsdavid.JP-Apex-Predators";
				PRODUCT_NAME = "$(TARGET_NAME)";
				SWIFT_EMIT_LOC_STRINGS = YES;
				SWIFT_VERSION = 5.0;
				TARGETED_DEVICE_FAMILY = "1,2";
			};
			name = Release;
		};
/* End XCBuildConfiguration section */

/* Begin XCConfigurationList section */
		632306B22AD2EC62002AF0DA /* Build configuration list for PBXProject "JP Apex Predators" */ = {
			isa = XCConfigurationList;
			buildConfigurations = (
				632306C32AD2EC64002AF0DA /* Debug */,
				632306C42AD2EC64002AF0DA /* Release */,
			);
			defaultConfigurationIsVisible = 0;
			defaultConfigurationName = Release;
		};
		632306C52AD2EC64002AF0DA /* Build configuration list for PBXNativeTarget "JP Apex Predators" */ = {
			isa = XCConfigurationList;
			buildConfigurations = (
				632306C62AD2EC64002AF0DA /* Debug */,
				632306C72AD2EC64002AF0DA /* Release */,
			);
			defaultConfigurationIsVisible = 0;
			defaultConfigurationName = Release;
		};
/* End XCConfigurationList section */
	};
	rootObject = 632306AF2AD2EC62002AF0DA /* Project object */;
}
